Microsoft Visual Studio Solution File, Format Version 12.00
# Visual Studio Version 17
VisualStudioVersion = 17.5.2.0
MinimumVisualStudioVersion = 10.0.40219.1
Project("{FAE04EC0-301F-11D3-BF4B-00C04F79EFBC}") = "MyProgram2", "MyProgram2.csproj", "{1D4BF1B4-41C3-0A37-3FC5-48D173CBD0EA}"
EndProject
Global
	GlobalSection(SolutionConfigurationPlatforms) = preSolution
		Debug|Any CPU = Debug|Any CPU
		Release|Any CPU = Release|Any CPU
	EndGlobalSection
	GlobalSection(ProjectConfigurationPlatforms) = postSolution
		{1D4BF1B4-41C3-0A37-3FC5-48D173CBD0EA}.Debug|Any CPU.ActiveCfg = Debug|Any CPU
		{1D4BF1B4-41C3-0A37-3FC5-48D173CBD0EA}.Debug|Any CPU.Build.0 = Debug|Any CPU
		{1D4BF1B4-41C3-0A37-3FC5-48D173CBD0EA}.Release|Any CPU.ActiveCfg = Release|Any CPU
		{1D4BF1B4-41C3-0A37-3FC5-48D173CBD0EA}.Release|Any CPU.Build.0 = Release|Any CPU
	EndGlobalSection
	GlobalSection(SolutionProperties) = preSolution
		HideSolutionNode = FALSE
	EndGlobalSection
	GlobalSection(ExtensibilityGlobals) = postSolution
		SolutionGuid = {7104F893-B03B-4620-A5B8-8B3AA89AA60C}
	EndGlobalSection
EndGlobal
